
Microsoft Visual Studio Solution File, Format Version 12.00
# Visual Studio Version 16
VisualStudioVersion = 16.0.29306.81
MinimumVisualStudioVersion = 10.0.40219.1
Project("{FAE04EC0-301F-11D3-BF4B-00C04F79EFBC}") = "LargestRectangleInBinaryMatrix", "LargestRectangleInBinaryMatrix.csproj", "{3AC5AEB1-57B5-410C-8F48-999136010115}"
EndProject
Global
	GlobalSection(SolutionConfigurationPlatforms) = preSolution
		Debug|Any CPU = Debug|Any CPU
		Release|Any CPU = Release|Any CPU
	EndGlobalSection
	GlobalSection(ProjectConfigurationPlatforms) = postSolution
		{3AC5AEB1-57B5-410C-8F48-999136010115}.Debug|Any CPU.ActiveCfg = Debug|Any CPU
		{3AC5AEB1-57B5-410C-8F48-999136010115}.Debug|Any CPU.Build.0 = Debug|Any CPU
		{3AC5AEB1-57B5-410C-8F48-999136010115}.Release|Any CPU.ActiveCfg = Release|Any CPU
		{3AC5AEB1-57B5-410C-8F48-999136010115}.Release|Any CPU.Build.0 = Release|Any CPU
	EndGlobalSection
	GlobalSection(SolutionProperties) = preSolution
		HideSolutionNode = FALSE
	EndGlobalSection
	GlobalSection(ExtensibilityGlobals) = postSolution
		SolutionGuid = {6C126A75-57B9-4047-968E-453452E19E2A}
	EndGlobalSection
EndGlobal
